
Microsoft Visual Studio Solution File, Format Version 12.00
# Visual Studio Version 17
VisualStudioVersion = 17.14.36327.8 d17.14
MinimumVisualStudioVersion = 10.0.40219.1
Project("{FAE04EC0-301F-11D3-BF4B-00C04F79EFBC}") = "Student_Management_System", "Student_Management_System.csproj", "{7A564F2D-71FA-4FF7-B977-047EAE467078}"
EndProject
Global
	GlobalSection(SolutionConfigurationPlatforms) = preSolution
		Debug|Any CPU = Debug|Any CPU
		Release|Any CPU = Release|Any CPU
	EndGlobalSection
	GlobalSection(ProjectConfigurationPlatforms) = postSolution
		{7A564F2D-71FA-4FF7-B977-047EAE467078}.Debug|Any CPU.ActiveCfg = Debug|Any CPU
		{7A564F2D-71FA-4FF7-B977-047EAE467078}.Debug|Any CPU.Build.0 = Debug|Any CPU
		{7A564F2D-71FA-4FF7-B977-047EAE467078}.Release|Any CPU.ActiveCfg = Release|Any CPU
		{7A564F2D-71FA-4FF7-B977-047EAE467078}.Release|Any CPU.Build.0 = Release|Any CPU
	EndGlobalSection
	GlobalSection(SolutionProperties) = preSolution
		HideSolutionNode = FALSE
	EndGlobalSection
	GlobalSection(ExtensibilityGlobals) = postSolution
		SolutionGuid = {5D873036-C2D3-49D0-B25E-318F61C7EC5E}
	EndGlobalSection
EndGlobal
